
Microsoft Visual Studio Solution File, Format Version 12.00
# Visual Studio Version 17
VisualStudioVersion = 17.10.34928.147
MinimumVisualStudioVersion = 10.0.40219.1
Project("{FAE04EC0-301F-11D3-BF4B-00C04F79EFBC}") = "InfoSurge", "InfoSurge\InfoSurge.csproj", "{838C72D7-1670-48BF-8D4A-D63C2ECDDF0D}"
EndProject
Project("{FAE04EC0-301F-11D3-BF4B-00C04F79EFBC}") = "InfoSurge.Data", "InfoSurge.Data\InfoSurge.Data.csproj", "{D3B01324-8F04-4342-A25C-952D933E3F51}"
EndProject
Project("{FAE04EC0-301F-11D3-BF4B-00C04F79EFBC}") = "InfoSurge.Core", "InfoSurge.Core\InfoSurge.Core.csproj", "{164E64F9-70C2-4336-A6BB-8B6415B7B133}"
EndProject
Global
	GlobalSection(SolutionConfigurationPlatforms) = preSolution
		Debug|Any CPU = Debug|Any CPU
		Release|Any CPU = Release|Any CPU
	EndGlobalSection
	GlobalSection(ProjectConfigurationPlatforms) = postSolution
		{838C72D7-1670-48BF-8D4A-D63C2ECDDF0D}.Debug|Any CPU.ActiveCfg = Debug|Any CPU
		{838C72D7-1670-48BF-8D4A-D63C2ECDDF0D}.Debug|Any CPU.Build.0 = Debug|Any CPU
		{838C72D7-1670-48BF-8D4A-D63C2ECDDF0D}.Release|Any CPU.ActiveCfg = Release|Any CPU
		{838C72D7-1670-48BF-8D4A-D63C2ECDDF0D}.Release|Any CPU.Build.0 = Release|Any CPU
		{D3B01324-8F04-4342-A25C-952D933E3F51}.Debug|Any CPU.ActiveCfg = Debug|Any CPU
		{D3B01324-8F04-4342-A25C-952D933E3F51}.Debug|Any CPU.Build.0 = Debug|Any CPU
		{D3B01324-8F04-4342-A25C-952D933E3F51}.Release|Any CPU.ActiveCfg = Release|Any CPU
		{D3B01324-8F04-4342-A25C-952D933E3F51}.Release|Any CPU.Build.0 = Release|Any CPU
		{164E64F9-70C2-4336-A6BB-8B6415B7B133}.Debug|Any CPU.ActiveCfg = Debug|Any CPU
		{164E64F9-70C2-4336-A6BB-8B6415B7B133}.Debug|Any CPU.Build.0 = Debug|Any CPU
		{164E64F9-70C2-4336-A6BB-8B6415B7B133}.Release|Any CPU.ActiveCfg = Release|Any CPU
		{164E64F9-70C2-4336-A6BB-8B6415B7B133}.Release|Any CPU.Build.0 = Release|Any CPU
	EndGlobalSection
	GlobalSection(SolutionProperties) = preSolution
		HideSolutionNode = FALSE
	EndGlobalSection
	GlobalSection(ExtensibilityGlobals) = postSolution
		SolutionGuid = {1FE36FE6-BBD7-4757-A748-DCB72674B3D4}
	EndGlobalSection
EndGlobal
